
Microsoft Visual Studio Solution File, Format Version 12.00
# Visual Studio Version 17
VisualStudioVersion = 17.9.34902.65
MinimumVisualStudioVersion = 10.0.40219.1
Project("{9A19103F-16F7-4668-BE54-9A1E7A4F7556}") = "Products", "TiacPraksaP1\Products.csproj", "{CD3EF248-7357-48A4-A3F4-AA60AB121F16}"
EndProject
Global
	GlobalSection(SolutionConfigurationPlatforms) = preSolution
		Debug|Any CPU = Debug|Any CPU
		Release|Any CPU = Release|Any CPU
	EndGlobalSection
	GlobalSection(ProjectConfigurationPlatforms) = postSolution
		{CD3EF248-7357-48A4-A3F4-AA60AB121F16}.Debug|Any CPU.ActiveCfg = Debug|Any CPU
		{CD3EF248-7357-48A4-A3F4-AA60AB121F16}.Debug|Any CPU.Build.0 = Debug|Any CPU
		{CD3EF248-7357-48A4-A3F4-AA60AB121F16}.Release|Any CPU.ActiveCfg = Release|Any CPU
		{CD3EF248-7357-48A4-A3F4-AA60AB121F16}.Release|Any CPU.Build.0 = Release|Any CPU
	EndGlobalSection
	GlobalSection(SolutionProperties) = preSolution
		HideSolutionNode = FALSE
	EndGlobalSection
	GlobalSection(ExtensibilityGlobals) = postSolution
		SolutionGuid = {058FD15C-A352-41A1-8AC0-B5C743A10CC3}
	EndGlobalSection
EndGlobal
